github.com/confluentinc/confluent-kafka-go/v2 v2.4.0 h1:NbOku86JJlsRJPJKE0snNsz6D1Qr4j5VR/lticrLZrY=
github.com/confluentinc/confluent-kafka-go/v2 v2.4.0/go.mod h1:E1dEQy50ZLfqs7T9luxz0rLxaeFZJZE92XvApJOr/Rk=
github.com/gorilla/websocket v1.5.2 h1:qoW6V1GT3aZxybsbC6oLnailWnB+qTMVwMreOso9XUw=
github.com/gorilla/websocket v1.5.2/go.mod h1:0n9H61RBAcf5/38py2MCYbxzPIY9rOkpvvMT24Rqs30=
golang.org/x/net v0.23.0 h1:7EYJ93RZ9vYSZAIb2x3lnuvqO5zneoD6IvWjuhfxjTs=
golang.org/x/net v0.23.0/go.mod h1:JKghWKKOSdJwpW2GEx0Ja7fmaKnMsbu+MWVZTokSYmg=
